
Microsoft Visual Studio Solution File, Format Version 12.00
# Visual Studio 14
VisualStudioVersion = 14.0.25420.1
MinimumVisualStudioVersion = 10.0.40219.1
Project("{2150E333-8FDC-42A3-9474-1A3956D46DE8}") = "src", "src", "{F8D831F0-7F9D-46CB-8F3A-72397A33BBC1}"
EndProject
Project("{2150E333-8FDC-42A3-9474-1A3956D46DE8}") = "Solution Items", "Solution Items", "{585C6FB8-F9B8-4732-B5BE-384D2BDFA1F1}"
	ProjectSection(SolutionItems) = preProject
		global.json = global.json
		manifest.yml = manifest.yml
		NuGet.Config = NuGet.Config
		README.md = README.md
	EndProjectSection
EndProject
Project("{8BB2217D-0F2D-49D1-97BC-3654ED321F3B}") = "YellowPages.ServiceSearchService", "src\dotnetCloudantWebstarter\YellowPages.ServiceSearchService.xproj", "{2FA5003E-9535-4D69-893F-306D56D3DC2B}"
EndProject
Project("{8BB2217D-0F2D-49D1-97BC-3654ED321F3B}") = "YellowPages.Core.Entities", "..\YellowPages.Common\src\YellowPages.Core.Entities\YellowPages.Core.Entities.xproj", "{AA9CB796-7CAD-4B4C-B364-674B4D4F9243}"
EndProject
Project("{8BB2217D-0F2D-49D1-97BC-3654ED321F3B}") = "YellowPages.Core.Repositories", "..\YellowPages.Common\src\YellowPages.Core.Repositories\YellowPages.Core.Repositories.xproj", "{7D268048-656E-4468-8214-03FC977CCBAF}"
EndProject
Project("{8BB2217D-0F2D-49D1-97BC-3654ED321F3B}") = "YellowPages.Infrastructure.CloudantRepositories", "..\YellowPages.Common\src\YellowPages.Infrastructure.CloudantRepositories\YellowPages.Infrastructure.CloudantRepositories.xproj", "{75ED45F2-3BC0-47F4-ABD8-DC65C2E35DFA}"
EndProject
Global
	GlobalSection(SolutionConfigurationPlatforms) = preSolution
		Debug|Any CPU = Debug|Any CPU
		Release|Any CPU = Release|Any CPU
	EndGlobalSection
	GlobalSection(ProjectConfigurationPlatforms) = postSolution
		{2FA5003E-9535-4D69-893F-306D56D3DC2B}.Debug|Any CPU.ActiveCfg = Debug|Any CPU
		{2FA5003E-9535-4D69-893F-306D56D3DC2B}.Debug|Any CPU.Build.0 = Debug|Any CPU
		{2FA5003E-9535-4D69-893F-306D56D3DC2B}.Release|Any CPU.ActiveCfg = Release|Any CPU
		{2FA5003E-9535-4D69-893F-306D56D3DC2B}.Release|Any CPU.Build.0 = Release|Any CPU
		{AA9CB796-7CAD-4B4C-B364-674B4D4F9243}.Debug|Any CPU.ActiveCfg = Debug|Any CPU
		{AA9CB796-7CAD-4B4C-B364-674B4D4F9243}.Debug|Any CPU.Build.0 = Debug|Any CPU
		{AA9CB796-7CAD-4B4C-B364-674B4D4F9243}.Release|Any CPU.ActiveCfg = Release|Any CPU
		{AA9CB796-7CAD-4B4C-B364-674B4D4F9243}.Release|Any CPU.Build.0 = Release|Any CPU
		{7D268048-656E-4468-8214-03FC977CCBAF}.Debug|Any CPU.ActiveCfg = Debug|Any CPU
		{7D268048-656E-4468-8214-03FC977CCBAF}.Debug|Any CPU.Build.0 = Debug|Any CPU
		{7D268048-656E-4468-8214-03FC977CCBAF}.Release|Any CPU.ActiveCfg = Release|Any CPU
		{7D268048-656E-4468-8214-03FC977CCBAF}.Release|Any CPU.Build.0 = Release|Any CPU
		{75ED45F2-3BC0-47F4-ABD8-DC65C2E35DFA}.Debug|Any CPU.ActiveCfg = Debug|Any CPU
		{75ED45F2-3BC0-47F4-ABD8-DC65C2E35DFA}.Debug|Any CPU.Build.0 = Debug|Any CPU
		{75ED45F2-3BC0-47F4-ABD8-DC65C2E35DFA}.Release|Any CPU.ActiveCfg = Release|Any CPU
		{75ED45F2-3BC0-47F4-ABD8-DC65C2E35DFA}.Release|Any CPU.Build.0 = Release|Any CPU
	EndGlobalSection
	GlobalSection(SolutionProperties) = preSolution
		HideSolutionNode = FALSE
	EndGlobalSection
	GlobalSection(NestedProjects) = preSolution
		{2FA5003E-9535-4D69-893F-306D56D3DC2B} = {F8D831F0-7F9D-46CB-8F3A-72397A33BBC1}
	EndGlobalSection
EndGlobal
